
Microsoft Visual Studio Solution File, Format Version 12.00
# Visual Studio Version 16
VisualStudioVersion = 16.0.32228.343
MinimumVisualStudioVersion = 10.0.40219.1
Project("{8BC9CEB8-8B4A-11D0-8D11-00A0C91BC942}") = "Lab4", "Lab4.vcxproj", "{2AAC0E36-90B5-4C75-82A5-C27D253BE368}"
EndProject
Global
	GlobalSection(SolutionConfigurationPlatforms) = preSolution
		Debug|x64 = Debug|x64
		Debug|x86 = Debug|x86
		Release|x64 = Release|x64
		Release|x86 = Release|x86
	EndGlobalSection
	GlobalSection(ProjectConfigurationPlatforms) = postSolution
		{2AAC0E36-90B5-4C75-82A5-C27D253BE368}.Debug|x64.ActiveCfg = Debug|x64
		{2AAC0E36-90B5-4C75-82A5-C27D253BE368}.Debug|x64.Build.0 = Debug|x64
		{2AAC0E36-90B5-4C75-82A5-C27D253BE368}.Debug|x86.ActiveCfg = Debug|Win32
		{2AAC0E36-90B5-4C75-82A5-C27D253BE368}.Debug|x86.Build.0 = Debug|Win32
		{2AAC0E36-90B5-4C75-82A5-C27D253BE368}.Release|x64.ActiveCfg = Release|x64
		{2AAC0E36-90B5-4C75-82A5-C27D253BE368}.Release|x64.Build.0 = Release|x64
		{2AAC0E36-90B5-4C75-82A5-C27D253BE368}.Release|x86.ActiveCfg = Release|Win32
		{2AAC0E36-90B5-4C75-82A5-C27D253BE368}.Release|x86.Build.0 = Release|Win32
	EndGlobalSection
	GlobalSection(SolutionProperties) = preSolution
		HideSolutionNode = FALSE
	EndGlobalSection
	GlobalSection(ExtensibilityGlobals) = postSolution
		SolutionGuid = {1BFB9E97-535B-49F5-84C8-8A14F64C87FE}
	EndGlobalSection
EndGlobal
